
Microsoft Visual Studio Solution File, Format Version 10.00
# Visual Studio 2008
Project("{FAE04EC0-301F-11D3-BF4B-00C04F79EFBC}") = "Operand", "..\app\Operand\Operand.csproj", "{976E3B69-C118-420B-96FE-01C9DBD3A5C6}"
EndProject
Project("{FAE04EC0-301F-11D3-BF4B-00C04F79EFBC}") = "Operand_Test", "..\test\Operand_Test\Operand_Test.csproj", "{FA41399B-2865-440C-8E51-01F80DD6AB16}"
EndProject
Global
	GlobalSection(SolutionConfigurationPlatforms) = preSolution
		Debug|Any CPU = Debug|Any CPU
		Release|Any CPU = Release|Any CPU
	EndGlobalSection
	GlobalSection(ProjectConfigurationPlatforms) = postSolution
		{976E3B69-C118-420B-96FE-01C9DBD3A5C6}.Debug|Any CPU.ActiveCfg = Debug|Any CPU
		{976E3B69-C118-420B-96FE-01C9DBD3A5C6}.Debug|Any CPU.Build.0 = Debug|Any CPU
		{976E3B69-C118-420B-96FE-01C9DBD3A5C6}.Release|Any CPU.ActiveCfg = Release|Any CPU
		{976E3B69-C118-420B-96FE-01C9DBD3A5C6}.Release|Any CPU.Build.0 = Release|Any CPU
		{FA41399B-2865-440C-8E51-01F80DD6AB16}.Debug|Any CPU.ActiveCfg = Debug|Any CPU
		{FA41399B-2865-440C-8E51-01F80DD6AB16}.Debug|Any CPU.Build.0 = Debug|Any CPU
		{FA41399B-2865-440C-8E51-01F80DD6AB16}.Release|Any CPU.ActiveCfg = Release|Any CPU
		{FA41399B-2865-440C-8E51-01F80DD6AB16}.Release|Any CPU.Build.0 = Release|Any CPU
	EndGlobalSection
	GlobalSection(SolutionProperties) = preSolution
		HideSolutionNode = FALSE
	EndGlobalSection
EndGlobal
